
Microsoft Visual Studio Solution File, Format Version 12.00
# Visual Studio Express 15 for Windows Desktop
VisualStudioVersion = 15.0.28307.779
MinimumVisualStudioVersion = 10.0.40219.1
Project("{FAE04EC0-301F-11D3-BF4B-00C04F79EFBC}") = "dentaku", "dentaku\dentaku.csproj", "{ECA4E04D-C90B-4A45-9646-2E454D2A1754}"
EndProject
Global
	GlobalSection(SolutionConfigurationPlatforms) = preSolution
		Debug|Any CPU = Debug|Any CPU
		Release|Any CPU = Release|Any CPU
	EndGlobalSection
	GlobalSection(ProjectConfigurationPlatforms) = postSolution
		{ECA4E04D-C90B-4A45-9646-2E454D2A1754}.Debug|Any CPU.ActiveCfg = Debug|Any CPU
		{ECA4E04D-C90B-4A45-9646-2E454D2A1754}.Debug|Any CPU.Build.0 = Debug|Any CPU
		{ECA4E04D-C90B-4A45-9646-2E454D2A1754}.Release|Any CPU.ActiveCfg = Release|Any CPU
		{ECA4E04D-C90B-4A45-9646-2E454D2A1754}.Release|Any CPU.Build.0 = Release|Any CPU
	EndGlobalSection
	GlobalSection(SolutionProperties) = preSolution
		HideSolutionNode = FALSE
	EndGlobalSection
	GlobalSection(ExtensibilityGlobals) = postSolution
		SolutionGuid = {23D311FC-8B1D-4610-BE75-0F149E16D085}
	EndGlobalSection
EndGlobal
